# generated by rye
# use `rye lock` or `rye sync` to update this lockfile
#
# last locked with the following flags:
#   pre: false
#   features: ["dev"]
#   all-features: false
#   with-sources: false
#   generate-hashes: false
#   universal: false

-e file:.
datafusion==40.1.0
    # via denormalized
numpy==2.1.0
    # via pyarrow
pyarrow==17.0.0
    # via datafusion
    # via denormalized
typing-extensions==4.12.2
    # via datafusion
