# generated by rye
# use `rye lock` or `rye sync` to update this lockfile
#
# last locked with the following flags:
#   pre: false
#   features: []
#   all-features: false
#   with-sources: false
#   generate-hashes: false
#   universal: false

-e file:.
asttokens==2.4.1
    # via stack-data
datafusion==40.1.0
    # via denormalized
decorator==5.1.1
    # via ipython
executing==2.0.1
    # via stack-data
iniconfig==2.0.0
    # via pytest
ipython==8.26.0
jedi==0.19.1
    # via ipython
matplotlib-inline==0.1.7
    # via ipython
numpy==2.1.0
    # via pyarrow
packaging==24.1
    # via pytest
parso==0.8.4
    # via jedi
pexpect==4.9.0
    # via ipython
pip==24.2
pluggy==1.5.0
    # via pytest
prompt-toolkit==3.0.47
    # via ipython
ptyprocess==0.7.0
    # via pexpect
pure-eval==0.2.3
    # via stack-data
pyarrow==17.0.0
    # via datafusion
    # via denormalized
pygments==2.18.0
    # via ipython
pytest==8.3.2
six==1.16.0
    # via asttokens
stack-data==0.6.3
    # via ipython
traitlets==5.14.3
    # via ipython
    # via matplotlib-inline
typing-extensions==4.12.2
    # via datafusion
wcwidth==0.2.13
    # via prompt-toolkit
